// !$*UTF8*$!
{
	archiveVersion = 1;
	classes = {
	};
	objectVersion = 46;
	objects = {

/* Begin PBXBuildFile section */
		6AF9E91C1DA525B100C0A875 /* main.m in Sources */ = {isa = PBXBuildFile; fileRef = 6AF9E91B1DA525B100C0A875 /* main.m */; };
		6AF9E91F1DA525B100C0A875 /* AppDelegate.m in Sources */ = {isa = PBXBuildFile; fileRef = 6AF9E91E1DA525B100C0A875 /* AppDelegate.m */; };
		6AF9E9221DA525B100C0A875 /* ViewController.m in Sources */ = {isa = PBXBuildFile; fileRef = 6AF9E9211DA525B100C0A875 /* ViewController.m */; };
		6AF9E9251DA525B100C0A875 /* Main.storyboard in Resources */ = {isa = PBXBuildFile; fileRef = 6AF9E9231DA525B100C0A875 /* Main.storyboard */; };
		6AF9E9271DA525B100C0A875 /* Assets.xcassets in Resources */ = {isa = PBXBuildFile; fileRef = 6AF9E9261DA525B100C0A875 /* Assets.xcassets */; };
		6AF9E92A1DA525B100C0A875 /* LaunchScreen.storyboard in Resources */ = {isa = PBXBuildFile; fileRef = 6AF9E9281DA525B100C0A875 /* LaunchScreen.storyboard */; };
		6AF9E9351DA525B200C0A875 /* PCICSampleAppWithFastlaneTests.m in Sources */ = {isa = PBXBuildFile; fileRef = 6AF9E9341DA525B200C0A875 /* PCICSampleAppWithFastlaneTests.m */; };
/* End PBXBuildFile section */

/* Begin PBXContainerItemProxy section */
		6AF9E9311DA525B200C0A875 /* PBXContainerItemProxy */ = {
			isa = PBXContainerItemProxy;
			containerPortal = 6AF9E90F1DA525B100C0A875 /* Project object */;
			proxyType = 1;
			remoteGlobalIDString = 6AF9E9161DA525B100C0A875;
			remoteInfo = PCICSampleAppWithFastlane;
		};
/* End PBXContainerItemProxy section */

/* Begin PBXFileReference section */
		6AF9E9171DA525B100C0A875 /* PCICSampleAppWithFastlane.app */ = {isa = PBXFileReference; explicitFileType = wrapper.application; includeInIndex = 0; path = PCICSampleAppWithFastlane.app; sourceTree = BUILT_PRODUCTS_DIR; };
		6AF9E91B1DA525B100C0A875 /* main.m */ = {isa = PBXFileReference; lastKnownFileType = sourcecode.c.objc; path = main.m; sourceTree = "<group>"; };
		6AF9E91D1DA525B100C0A875 /* AppDelegate.h */ = {isa = PBXFileReference; lastKnownFileType = sourcecode.c.h; path = AppDelegate.h; sourceTree = "<group>"; };
		6AF9E91E1DA525B100C0A875 /* AppDelegate.m */ = {isa = PBXFileReference; lastKnownFileType = sourcecode.c.objc; path = AppDelegate.m; sourceTree = "<group>"; };
		6AF9E9201DA525B100C0A875 /* ViewController.h */ = {isa = PBXFileReference; lastKnownFileType = sourcecode.c.h; path = ViewController.h; sourceTree = "<group>"; };
		6AF9E9211DA525B100C0A875 /* ViewController.m */ = {isa = PBXFileReference; lastKnownFileType = sourcecode.c.objc; path = ViewController.m; sourceTree = "<group>"; };
		6AF9E9241DA525B100C0A875 /* Base */ = {isa = PBXFileReference; lastKnownFileType = file.storyboard; name = Base; path = Base.lproj/Main.storyboard; sourceTree = "<group>"; };
		6AF9E9261DA525B100C0A875 /* Assets.xcassets */ = {isa = PBXFileReference; lastKnownFileType = folder.assetcatalog; path = Assets.xcassets; sourceTree = "<group>"; };
		6AF9E9291DA525B100C0A875 /* Base */ = {isa = PBXFileReference; lastKnownFileType = file.storyboard; name = Base; path = Base.lproj/LaunchScreen.storyboard; sourceTree = "<group>"; };
		6AF9E92B1DA525B100C0A875 /* Info.plist */ = {isa = PBXFileReference; lastKnownFileType = text.plist.xml; path = Info.plist; sourceTree = "<group>"; };
		6AF9E9301DA525B200C0A875 /* PCICSampleAppWithFastlaneTests.xctest */ = {isa = PBXFileReference; explicitFileType = wrapper.cfbundle; includeInIndex = 0; path = PCICSampleAppWithFastlaneTests.xctest; sourceTree = BUILT_PRODUCTS_DIR; };
		6AF9E9341DA525B200C0A875 /* PCICSampleAppWithFastlaneTests.m */ = {isa = PBXFileReference; lastKnownFileType = sourcecode.c.objc; path = PCICSampleAppWithFastlaneTests.m; sourceTree = "<group>"; };
		6AF9E9361DA525B200C0A875 /* Info.plist */ = {isa = PBXFileReference; lastKnownFileType = text.plist.xml; path = Info.plist; sourceTree = "<group>"; };
/* End PBXFileReference section */

/* Begin PBXFrameworksBuildPhase section */
		6AF9E9141DA525B100C0A875 /* Frameworks */ = {
			isa = PBXFrameworksBuildPhase;
			buildActionMask = 2147483647;
			files = (
			);
			runOnlyForDeploymentPostprocessing = 0;
		};
		6AF9E92D1DA525B200C0A875 /* Frameworks */ = {
			isa = PBXFrameworksBuildPhase;
			buildActionMask = 2147483647;
			files = (
			);
			runOnlyForDeploymentPostprocessing = 0;
		};
/* End PBXFrameworksBuildPhase section */

/* Begin PBXGroup section */
		6AF9E90E1DA525B100C0A875 = {
			isa = PBXGroup;
			children = (
				6AF9E9191DA525B100C0A875 /* PCICSampleAppWithFastlane */,
				6AF9E9331DA525B200C0A875 /* PCICSampleAppWithFastlaneTests */,
				6AF9E9181DA525B100C0A875 /* Products */,
			);
			sourceTree = "<group>";
		};
		6AF9E9181DA525B100C0A875 /* Products */ = {
			isa = PBXGroup;
			children = (
				6AF9E9171DA525B100C0A875 /* PCICSampleAppWithFastlane.app */,
				6AF9E9301DA525B200C0A875 /* PCICSampleAppWithFastlaneTests.xctest */,
			);
			name = Products;
			sourceTree = "<group>";
		};
		6AF9E9191DA525B100C0A875 /* PCICSampleAppWithFastlane */ = {
			isa = PBXGroup;
			children = (
				6AF9E91D1DA525B100C0A875 /* AppDelegate.h */,
				6AF9E91E1DA525B100C0A875 /* AppDelegate.m */,
				6AF9E9201DA525B100C0A875 /* ViewController.h */,
				6AF9E9211DA525B100C0A875 /* ViewController.m */,
				6AF9E9231DA525B100C0A875 /* Main.storyboard */,
				6AF9E9261DA525B100C0A875 /* Assets.xcassets */,
				6AF9E9281DA525B100C0A875 /* LaunchScreen.storyboard */,
				6AF9E92B1DA525B100C0A875 /* Info.plist */,
				6AF9E91A1DA525B100C0A875 /* Supporting Files */,
			);
			path = PCICSampleAppWithFastlane;
			sourceTree = "<group>";
		};
		6AF9E91A1DA525B100C0A875 /* Supporting Files */ = {
			isa = PBXGroup;
			children = (
				6AF9E91B1DA525B100C0A875 /* main.m */,
			);
			name = "Supporting Files";
			sourceTree = "<group>";
		};
		6AF9E9331DA525B200C0A875 /* PCICSampleAppWithFastlaneTests */ = {
			isa = PBXGroup;
			children = (
				6AF9E9341DA525B200C0A875 /* PCICSampleAppWithFastlaneTests.m */,
				6AF9E9361DA525B200C0A875 /* Info.plist */,
			);
			path = PCICSampleAppWithFastlaneTests;
			sourceTree = "<group>";
		};
/* End PBXGroup section */

/* Begin PBXNativeTarget section */
		6AF9E9161DA525B100C0A875 /* PCICSampleAppWithFastlane */ = {
			isa = PBXNativeTarget;
			buildConfigurationList = 6AF9E9391DA525B200C0A875 /* Build configuration list for PBXNativeTarget "PCICSampleAppWithFastlane" */;
			buildPhases = (
				6AF9E9131DA525B100C0A875 /* Sources */,
				6AF9E9141DA525B100C0A875 /* Frameworks */,
				6AF9E9151DA525B100C0A875 /* Resources */,
			);
			buildRules = (
			);
			dependencies = (
			);
			name = PCICSampleAppWithFastlane;
			productName = PCICSampleAppWithFastlane;
			productReference = 6AF9E9171DA525B100C0A875 /* PCICSampleAppWithFastlane.app */;
			productType = "com.apple.product-type.application";
		};
		6AF9E92F1DA525B200C0A875 /* PCICSampleAppWithFastlaneTests */ = {
			isa = PBXNativeTarget;
			buildConfigurationList = 6AF9E93C1DA525B200C0A875 /* Build configuration list for PBXNativeTarget "PCICSampleAppWithFastlaneTests" */;
			buildPhases = (
				6AF9E92C1DA525B200C0A875 /* Sources */,
				6AF9E92D1DA525B200C0A875 /* Frameworks */,
				6AF9E92E1DA525B200C0A875 /* Resources */,
			);
			buildRules = (
			);
			dependencies = (
				6AF9E9321DA525B200C0A875 /* PBXTargetDependency */,
			);
			name = PCICSampleAppWithFastlaneTests;
			productName = PCICSampleAppWithFastlaneTests;
			productReference = 6AF9E9301DA525B200C0A875 /* PCICSampleAppWithFastlaneTests.xctest */;
			productType = "com.apple.product-type.bundle.unit-test";
		};
/* End PBXNativeTarget section */

/* Begin PBXProject section */
		6AF9E90F1DA525B100C0A875 /* Project object */ = {
			isa = PBXProject;
			attributes = {
				LastUpgradeCheck = 0800;
				ORGANIZATIONNAME = "Porsche Digital Lab";
				TargetAttributes = {
					6AF9E9161DA525B100C0A875 = {
						CreatedOnToolsVersion = 8.0;
						DevelopmentTeam = 6WNX4U9DBF;
						ProvisioningStyle = Manual;
					};
					6AF9E92F1DA525B200C0A875 = {
						CreatedOnToolsVersion = 8.0;
						ProvisioningStyle = Automatic;
						TestTargetID = 6AF9E9161DA525B100C0A875;
					};
				};
			};
			buildConfigurationList = 6AF9E9121DA525B100C0A875 /* Build configuration list for PBXProject "PCICSampleAppWithFastlane" */;
			compatibilityVersion = "Xcode 3.2";
			developmentRegion = English;
			hasScannedForEncodings = 0;
			knownRegions = (
				en,
				Base,
			);
			mainGroup = 6AF9E90E1DA525B100C0A875;
			productRefGroup = 6AF9E9181DA525B100C0A875 /* Products */;
			projectDirPath = "";
			projectRoot = "";
			targets = (
				6AF9E9161DA525B100C0A875 /* PCICSampleAppWithFastlane */,
				6AF9E92F1DA525B200C0A875 /* PCICSampleAppWithFastlaneTests */,
			);
		};
/* End PBXProject section */

/* Begin PBXResourcesBuildPhase section */
		6AF9E9151DA525B100C0A875 /* Resources */ = {
			isa = PBXResourcesBuildPhase;
			buildActionMask = 2147483647;
			files = (
				6AF9E92A1DA525B100C0A875 /* LaunchScreen.storyboard in Resources */,
				6AF9E9271DA525B100C0A875 /* Assets.xcassets in Resources */,
				6AF9E9251DA525B100C0A875 /* Main.storyboard in Resources */,
			);
			runOnlyForDeploymentPostprocessing = 0;
		};
		6AF9E92E1DA525B200C0A875 /* Resources */ = {
			isa = PBXResourcesBuildPhase;
			buildActionMask = 2147483647;
			files = (
			);
			runOnlyForDeploymentPostprocessing = 0;
		};
/* End PBXResourcesBuildPhase section */

/* Begin PBXSourcesBuildPhase section */
		6AF9E9131DA525B100C0A875 /* Sources */ = {
			isa = PBXSourcesBuildPhase;
			buildActionMask = 2147483647;
			files = (
				6AF9E9221DA525B100C0A875 /* ViewController.m in Sources */,
				6AF9E91F1DA525B100C0A875 /* AppDelegate.m in Sources */,
				6AF9E91C1DA525B100C0A875 /* main.m in Sources */,
			);
			runOnlyForDeploymentPostprocessing = 0;
		};
		6AF9E92C1DA525B200C0A875 /* Sources */ = {
			isa = PBXSourcesBuildPhase;
			buildActionMask = 2147483647;
			files = (
				6AF9E9351DA525B200C0A875 /* PCICSampleAppWithFastlaneTests.m in Sources */,
			);
			runOnlyForDeploymentPostprocessing = 0;
		};
/* End PBXSourcesBuildPhase section */

/* Begin PBXTargetDependency section */
		6AF9E9321DA525B200C0A875 /* PBXTargetDependency */ = {
			isa = PBXTargetDependency;
			target = 6AF9E9161DA525B100C0A875 /* PCICSampleAppWithFastlane */;
			targetProxy = 6AF9E9311DA525B200C0A875 /* PBXContainerItemProxy */;
		};
/* End PBXTargetDependency section */

/* Begin PBXVariantGroup section */
		6AF9E9231DA525B100C0A875 /* Main.storyboard */ = {
			isa = PBXVariantGroup;
			children = (
				6AF9E9241DA525B100C0A875 /* Base */,
			);
			name = Main.storyboard;
			sourceTree = "<group>";
		};
		6AF9E9281DA525B100C0A875 /* LaunchScreen.storyboard */ = {
			isa = PBXVariantGroup;
			children = (
				6AF9E9291DA525B100C0A875 /* Base */,
			);
			name = LaunchScreen.storyboard;
			sourceTree = "<group>";
		};
/* End PBXVariantGroup section */

/* Begin XCBuildConfiguration section */
		6AF9E9371DA525B200C0A875 /* Debug */ = {
			isa = XCBuildConfiguration;
			buildSettings = {
				ALWAYS_SEARCH_USER_PATHS = NO;
				CLANG_ANALYZER_NONNULL = YES;
				CLANG_CXX_LANGUAGE_STANDARD = "gnu++0x";
				CLANG_CXX_LIBRARY = "libc++";
				CLANG_ENABLE_MODULES = YES;
				CLANG_ENABLE_OBJC_ARC = YES;
				CLANG_WARN_BOOL_CONVERSION = YES;
				CLANG_WARN_CONSTANT_CONVERSION = YES;
				CLANG_WARN_DIRECT_OBJC_ISA_USAGE = YES_ERROR;
				CLANG_WARN_DOCUMENTATION_COMMENTS = YES;
				CLANG_WARN_EMPTY_BODY = YES;
				CLANG_WARN_ENUM_CONVERSION = YES;
				CLANG_WARN_INFINITE_RECURSION = YES;
				CLANG_WARN_INT_CONVERSION = YES;
				CLANG_WARN_OBJC_ROOT_CLASS = YES_ERROR;
				CLANG_WARN_SUSPICIOUS_MOVES = YES;
				CLANG_WARN_UNREACHABLE_CODE = YES;
				CLANG_WARN__DUPLICATE_METHOD_MATCH = YES;
				"CODE_SIGN_IDENTITY[sdk=iphoneos*]" = "iPhone Developer";
				COPY_PHASE_STRIP = NO;
				DEBUG_INFORMATION_FORMAT = dwarf;
				ENABLE_STRICT_OBJC_MSGSEND = YES;
				ENABLE_TESTABILITY = YES;
				GCC_C_LANGUAGE_STANDARD = gnu99;
				GCC_DYNAMIC_NO_PIC = NO;
				GCC_NO_COMMON_BLOCKS = YES;
				GCC_OPTIMIZATION_LEVEL = 0;
				GCC_PREPROCESSOR_DEFINITIONS = (
					"DEBUG=1",
					"$(inherited)",
				);
				GCC_WARN_64_TO_32_BIT_CONVERSION = YES;
				GCC_WARN_ABOUT_RETURN_TYPE = YES_ERROR;
				GCC_WARN_UNDECLARED_SELECTOR = YES;
				GCC_WARN_UNINITIALIZED_AUTOS = YES_AGGRESSIVE;
				GCC_WARN_UNUSED_FUNCTION = YES;
				GCC_WARN_UNUSED_VARIABLE = YES;
				IPHONEOS_DEPLOYMENT_TARGET = 10.0;
				MTL_ENABLE_DEBUG_INFO = YES;
				ONLY_ACTIVE_ARCH = YES;
				SDKROOT = iphoneos;
				TARGETED_DEVICE_FAMILY = "1,2";
			};
			name = Debug;
		};
		6AF9E9381DA525B200C0A875 /* Release */ = {
			isa = XCBuildConfiguration;
			buildSettings = {
				ALWAYS_SEARCH_USER_PATHS = NO;
				CLANG_ANALYZER_NONNULL = YES;
				CLANG_CXX_LANGUAGE_STANDARD = "gnu++0x";
				CLANG_CXX_LIBRARY = "libc++";
				CLANG_ENABLE_MODULES = YES;
				CLANG_ENABLE_OBJC_ARC = YES;
				CLANG_WARN_BOOL_CONVERSION = YES;
				CLANG_WARN_CONSTANT_CONVERSION = YES;
				CLANG_WARN_DIRECT_OBJC_ISA_USAGE = YES_ERROR;
				CLANG_WARN_DOCUMENTATION_COMMENTS = YES;
				CLANG_WARN_EMPTY_BODY = YES;
				CLANG_WARN_ENUM_CONVERSION = YES;
				CLANG_WARN_INFINITE_RECURSION = YES;
				CLANG_WARN_INT_CONVERSION = YES;
				CLANG_WARN_OBJC_ROOT_CLASS = YES_ERROR;
				CLANG_WARN_SUSPICIOUS_MOVES = YES;
				CLANG_WARN_UNREACHABLE_CODE = YES;
				CLANG_WARN__DUPLICATE_METHOD_MATCH = YES;
				"CODE_SIGN_IDENTITY[sdk=iphoneos*]" = "iPhone Developer";
				COPY_PHASE_STRIP = NO;
				DEBUG_INFORMATION_FORMAT = "dwarf-with-dsym";
				ENABLE_NS_ASSERTIONS = NO;
				ENABLE_STRICT_OBJC_MSGSEND = YES;
				GCC_C_LANGUAGE_STANDARD = gnu99;
				GCC_NO_COMMON_BLOCKS = YES;
				GCC_WARN_64_TO_32_BIT_CONVERSION = YES;
				GCC_WARN_ABOUT_RETURN_TYPE = YES_ERROR;
				GCC_WARN_UNDECLARED_SELECTOR = YES;
				GCC_WARN_UNINITIALIZED_AUTOS = YES_AGGRESSIVE;
				GCC_WARN_UNUSED_FUNCTION = YES;
				GCC_WARN_UNUSED_VARIABLE = YES;
				IPHONEOS_DEPLOYMENT_TARGET = 10.0;
				MTL_ENABLE_DEBUG_INFO = NO;
				SDKROOT = iphoneos;
				TARGETED_DEVICE_FAMILY = "1,2";
				VALIDATE_PRODUCT = YES;
			};
			name = Release;
		};
		6AF9E93A1DA525B200C0A875 /* Debug */ = {
			isa = XCBuildConfiguration;
			buildSettings = {
				ASSETCATALOG_COMPILER_APPICON_NAME = AppIcon;
				"CODE_SIGN_IDENTITY[sdk=iphoneos*]" = "iPhone Distribution";
				DEVELOPMENT_TEAM = 6WNX4U9DBF;
				INFOPLIST_FILE = PCICSampleAppWithFastlane/Info.plist;
				LD_RUNPATH_SEARCH_PATHS = "$(inherited) @executable_path/Frameworks";
				PRODUCT_BUNDLE_IDENTIFIER = dev.porsche.PCICSampleAppWithFastlane;
				PRODUCT_NAME = "$(TARGET_NAME)";
				PROVISIONING_PROFILE = "60e853b3-f83a-48e7-9cd9-3720fff70715";
				PROVISIONING_PROFILE_SPECIFIER = "dev.porsche.PCICSampleAppWithFastlane InHouse";
			};
			name = Debug;
		};
		6AF9E93B1DA525B200C0A875 /* Release */ = {
			isa = XCBuildConfiguration;
			buildSettings = {
				ASSETCATALOG_COMPILER_APPICON_NAME = AppIcon;
				"CODE_SIGN_IDENTITY[sdk=iphoneos*]" = "iPhone Distribution";
				DEVELOPMENT_TEAM = 6WNX4U9DBF;
				INFOPLIST_FILE = PCICSampleAppWithFastlane/Info.plist;
				LD_RUNPATH_SEARCH_PATHS = "$(inherited) @executable_path/Frameworks";
				PRODUCT_BUNDLE_IDENTIFIER = dev.porsche.PCICSampleAppWithFastlane;
				PRODUCT_NAME = "$(TARGET_NAME)";
				PROVISIONING_PROFILE = "60e853b3-f83a-48e7-9cd9-3720fff70715";
				PROVISIONING_PROFILE_SPECIFIER = "dev.porsche.PCICSampleAppWithFastlane InHouse";
			};
			name = Release;
		};
		6AF9E93D1DA525B200C0A875 /* Debug */ = {
			isa = XCBuildConfiguration;
			buildSettings = {
				BUNDLE_LOADER = "$(TEST_HOST)";
				INFOPLIST_FILE = PCICSampleAppWithFastlaneTests/Info.plist;
				LD_RUNPATH_SEARCH_PATHS = "$(inherited) @executable_path/Frameworks @loader_path/Frameworks";
				PRODUCT_BUNDLE_IDENTIFIER = com.porsche.PCICSampleAppWithFastlaneTests;
				PRODUCT_NAME = "$(TARGET_NAME)";
				TEST_HOST = "$(BUILT_PRODUCTS_DIR)/PCICSampleAppWithFastlane.app/PCICSampleAppWithFastlane";
			};
			name = Debug;
		};
		6AF9E93E1DA525B200C0A875 /* Release */ = {
			isa = XCBuildConfiguration;
			buildSettings = {
				BUNDLE_LOADER = "$(TEST_HOST)";
				INFOPLIST_FILE = PCICSampleAppWithFastlaneTests/Info.plist;
				LD_RUNPATH_SEARCH_PATHS = "$(inherited) @executable_path/Frameworks @loader_path/Frameworks";
				PRODUCT_BUNDLE_IDENTIFIER = com.porsche.PCICSampleAppWithFastlaneTests;
				PRODUCT_NAME = "$(TARGET_NAME)";
				TEST_HOST = "$(BUILT_PRODUCTS_DIR)/PCICSampleAppWithFastlane.app/PCICSampleAppWithFastlane";
			};
			name = Release;
		};
/* End XCBuildConfiguration section */

/* Begin XCConfigurationList section */
		6AF9E9121DA525B100C0A875 /* Build configuration list for PBXProject "PCICSampleAppWithFastlane" */ = {
			isa = XCConfigurationList;
			buildConfigurations = (
				6AF9E9371DA525B200C0A875 /* Debug */,
				6AF9E9381DA525B200C0A875 /* Release */,
			);
			defaultConfigurationIsVisible = 0;
			defaultConfigurationName = Release;
		};
		6AF9E9391DA525B200C0A875 /* Build configuration list for PBXNativeTarget "PCICSampleAppWithFastlane" */ = {
			isa = XCConfigurationList;
			buildConfigurations = (
				6AF9E93A1DA525B200C0A875 /* Debug */,
				6AF9E93B1DA525B200C0A875 /* Release */,
			);
			defaultConfigurationIsVisible = 0;
		};
		6AF9E93C1DA525B200C0A875 /* Build configuration list for PBXNativeTarget "PCICSampleAppWithFastlaneTests" */ = {
			isa = XCConfigurationList;
			buildConfigurations = (
				6AF9E93D1DA525B200C0A875 /* Debug */,
				6AF9E93E1DA525B200C0A875 /* Release */,
			);
			defaultConfigurationIsVisible = 0;
		};
/* End XCConfigurationList section */
	};
	rootObject = 6AF9E90F1DA525B100C0A875 /* Project object */;
}
